
Microsoft Visual Studio Solution File, Format Version 12.00
# Visual Studio 2013
VisualStudioVersion = 12.0.31101.0
MinimumVisualStudioVersion = 10.0.40219.1
Project("{FAE04EC0-301F-11D3-BF4B-00C04F79EFBC}") = "LyncSDK.AsyncExtensions.Desktop", "LyncSDK.AsyncExtensions.Desktop\LyncSDK.AsyncExtensions.Desktop.csproj", "{7D5DC68D-9CD1-4725-901A-4B44621597A3}"
EndProject
Project("{FAE04EC0-301F-11D3-BF4B-00C04F79EFBC}") = "LyncSDK.AsyncExtensions.Silverlight", "LyncSDK.AsyncExtensions.Silverlight\LyncSDK.AsyncExtensions.Silverlight.csproj", "{BC130CF8-64C3-4B40-814A-E3648D9AD779}"
EndProject
Project("{FAE04EC0-301F-11D3-BF4B-00C04F79EFBC}") = "Microsoft.Rtc.Collaboration.AsyncExtensions", "Microsoft.Rtc.Collaboration.AsyncExtensions\Microsoft.Rtc.Collaboration.AsyncExtensions.csproj", "{D6772841-AB56-43E1-9767-85EA2A02D8BC}"
EndProject
Global
	GlobalSection(SolutionConfigurationPlatforms) = preSolution
		Debug|Any CPU = Debug|Any CPU
		Release|Any CPU = Release|Any CPU
	EndGlobalSection
	GlobalSection(ProjectConfigurationPlatforms) = postSolution
		{7D5DC68D-9CD1-4725-901A-4B44621597A3}.Debug|Any CPU.ActiveCfg = Debug|Any CPU
		{7D5DC68D-9CD1-4725-901A-4B44621597A3}.Debug|Any CPU.Build.0 = Debug|Any CPU
		{7D5DC68D-9CD1-4725-901A-4B44621597A3}.Release|Any CPU.ActiveCfg = Release|Any CPU
		{7D5DC68D-9CD1-4725-901A-4B44621597A3}.Release|Any CPU.Build.0 = Release|Any CPU
		{BC130CF8-64C3-4B40-814A-E3648D9AD779}.Debug|Any CPU.ActiveCfg = Debug|Any CPU
		{BC130CF8-64C3-4B40-814A-E3648D9AD779}.Debug|Any CPU.Build.0 = Debug|Any CPU
		{BC130CF8-64C3-4B40-814A-E3648D9AD779}.Release|Any CPU.ActiveCfg = Release|Any CPU
		{BC130CF8-64C3-4B40-814A-E3648D9AD779}.Release|Any CPU.Build.0 = Release|Any CPU
		{D6772841-AB56-43E1-9767-85EA2A02D8BC}.Debug|Any CPU.ActiveCfg = Debug|Any CPU
		{D6772841-AB56-43E1-9767-85EA2A02D8BC}.Debug|Any CPU.Build.0 = Debug|Any CPU
		{D6772841-AB56-43E1-9767-85EA2A02D8BC}.Release|Any CPU.ActiveCfg = Release|Any CPU
		{D6772841-AB56-43E1-9767-85EA2A02D8BC}.Release|Any CPU.Build.0 = Release|Any CPU
	EndGlobalSection
	GlobalSection(SolutionProperties) = preSolution
		HideSolutionNode = FALSE
	EndGlobalSection
EndGlobal
